
Microsoft Visual Studio Solution File, Format Version 12.00
# Visual Studio Version 17
VisualStudioVersion = 17.5.001.0
MinimumVisualStudioVersion = 10.0.40219.1
Project("{9A19103F-16F7-4668-BE54-9A1E7A4F7556}") = "BlazorDash", "BlazorDash.csproj", "{A1524F92-40F1-4BD2-BC29-9A2559637B6C}"
EndProject
Global
	GlobalSection(SolutionConfigurationPlatforms) = preSolution
		Debug|Any CPU = Debug|Any CPU
		Release|Any CPU = Release|Any CPU
	EndGlobalSection
	GlobalSection(ProjectConfigurationPlatforms) = postSolution
		{A1524F92-40F1-4BD2-BC29-9A2559637B6C}.Debug|Any CPU.ActiveCfg = Debug|Any CPU
		{A1524F92-40F1-4BD2-BC29-9A2559637B6C}.Debug|Any CPU.Build.0 = Debug|Any CPU
		{A1524F92-40F1-4BD2-BC29-9A2559637B6C}.Release|Any CPU.ActiveCfg = Release|Any CPU
		{A1524F92-40F1-4BD2-BC29-9A2559637B6C}.Release|Any CPU.Build.0 = Release|Any CPU
	EndGlobalSection
	GlobalSection(SolutionProperties) = preSolution
		HideSolutionNode = FALSE
	EndGlobalSection
	GlobalSection(ExtensibilityGlobals) = postSolution
		SolutionGuid = {67D7DBA7-6382-44B6-A159-20162F5F834C}
	EndGlobalSection
EndGlobal
